// !$*UTF8*$!
{
	archiveVersion = 1;
	classes = {
	};
	objectVersion = 46;
	objects = {

/* Begin PBXBuildFile section */
		8031B0F621B03A420016BC73 /* BoardSwapperTests.swift in Sources */ = {isa = PBXBuildFile; fileRef = 8031B0F521B03A420016BC73 /* BoardSwapperTests.swift */; };
		803AFBF121933BAA00E3C2AB /* DiceBoardView.swift in Sources */ = {isa = PBXBuildFile; fileRef = 803AFBF021933BAA00E3C2AB /* DiceBoardView.swift */; };
		8054BE321F5C0A5900A67CB7 /* AppDelegate.swift in Sources */ = {isa = PBXBuildFile; fileRef = 8054BE311F5C0A5900A67CB7 /* AppDelegate.swift */; };
		8054BE341F5C0A5900A67CB7 /* DiceBoardViewController.swift in Sources */ = {isa = PBXBuildFile; fileRef = 8054BE331F5C0A5900A67CB7 /* DiceBoardViewController.swift */; };
		8054BE371F5C0A5900A67CB7 /* Main.storyboard in Resources */ = {isa = PBXBuildFile; fileRef = 8054BE351F5C0A5900A67CB7 /* Main.storyboard */; };
		8054BE391F5C0A5900A67CB7 /* Assets.xcassets in Resources */ = {isa = PBXBuildFile; fileRef = 8054BE381F5C0A5900A67CB7 /* Assets.xcassets */; };
		8054BE3C1F5C0A5900A67CB7 /* LaunchScreen.storyboard in Resources */ = {isa = PBXBuildFile; fileRef = 8054BE3A1F5C0A5900A67CB7 /* LaunchScreen.storyboard */; };
		8054BE521F5C0A5900A67CB7 /* DiceBoardUITests.swift in Sources */ = {isa = PBXBuildFile; fileRef = 8054BE511F5C0A5900A67CB7 /* DiceBoardUITests.swift */; };
		8090FE88218CC40800420903 /* todo.txt in Resources */ = {isa = PBXBuildFile; fileRef = 8090FE87218CC40800420903 /* todo.txt */; };
		8090FE8A218CC47200420903 /* DiceBoardTests.swift in Sources */ = {isa = PBXBuildFile; fileRef = 8090FE89218CC47200420903 /* DiceBoardTests.swift */; };
		8090FE8E218CD02300420903 /* Dice.swift in Sources */ = {isa = PBXBuildFile; fileRef = 8090FE8D218CD02300420903 /* Dice.swift */; };
		8090FE90218CD02E00420903 /* DiceTests.swift in Sources */ = {isa = PBXBuildFile; fileRef = 8090FE8F218CD02E00420903 /* DiceTests.swift */; };
		8090FE92218CDD2800420903 /* Diagonal.swift in Sources */ = {isa = PBXBuildFile; fileRef = 8090FE91218CDD2800420903 /* Diagonal.swift */; };
		8090FE94218CDD5A00420903 /* DiceBoard.swift in Sources */ = {isa = PBXBuildFile; fileRef = 8090FE93218CDD5A00420903 /* DiceBoard.swift */; };
		8090FE96218CE17300420903 /* DiceSwapDirection.swift in Sources */ = {isa = PBXBuildFile; fileRef = 8090FE95218CE17300420903 /* DiceSwapDirection.swift */; };
		80A2755221920295003A0C5F /* DiceView.swift in Sources */ = {isa = PBXBuildFile; fileRef = 80A2755121920295003A0C5F /* DiceView.swift */; };
		80CDFFDA219F14E700266F21 /* DicePosition.swift in Sources */ = {isa = PBXBuildFile; fileRef = 80CDFFD9219F14E700266F21 /* DicePosition.swift */; };
		80CDFFDE21A34BA000266F21 /* DicePositionTests.swift in Sources */ = {isa = PBXBuildFile; fileRef = 80CDFFDD21A34BA000266F21 /* DicePositionTests.swift */; };
		8C29CD3D6056326D5B335F4B /* Pods_DicePuzzleUITests.framework in Frameworks */ = {isa = PBXBuildFile; fileRef = 8D6EAAABD272F19CBCC2B2F0 /* Pods_DicePuzzleUITests.framework */; };
		CC40F44651A89EEA2D6C1920 /* Pods_DicePuzzle.framework in Frameworks */ = {isa = PBXBuildFile; fileRef = 9B3316CCC213A854C1ADC6AE /* Pods_DicePuzzle.framework */; };
		D0739246AE01FC1C38799B57 /* Pods_DicePuzzleTests.framework in Frameworks */ = {isa = PBXBuildFile; fileRef = 868EA26801C5170A4D41956C /* Pods_DicePuzzleTests.framework */; };
/* End PBXBuildFile section */

/* Begin PBXContainerItemProxy section */
		8054BE431F5C0A5900A67CB7 /* PBXContainerItemProxy */ = {
			isa = PBXContainerItemProxy;
			containerPortal = 8054BE261F5C0A5900A67CB7 /* Project object */;
			proxyType = 1;
			remoteGlobalIDString = 8054BE2D1F5C0A5900A67CB7;
			remoteInfo = DicePuzzle;
		};
		8054BE4E1F5C0A5900A67CB7 /* PBXContainerItemProxy */ = {
			isa = PBXContainerItemProxy;
			containerPortal = 8054BE261F5C0A5900A67CB7 /* Project object */;
			proxyType = 1;
			remoteGlobalIDString = 8054BE2D1F5C0A5900A67CB7;
			remoteInfo = DicePuzzle;
		};
/* End PBXContainerItemProxy section */

/* Begin PBXFileReference section */
		0EA5865866B49E368E28AFEF /* Pods-DicePuzzleUITests.release.xcconfig */ = {isa = PBXFileReference; includeInIndex = 1; lastKnownFileType = text.xcconfig; name = "Pods-DicePuzzleUITests.release.xcconfig"; path = "../Pods/Target Support Files/Pods-DicePuzzleUITests/Pods-DicePuzzleUITests.release.xcconfig"; sourceTree = "<group>"; };
		38887B7CD01C8B2DDF4B3790 /* Pods-DicePuzzle.debug.xcconfig */ = {isa = PBXFileReference; includeInIndex = 1; lastKnownFileType = text.xcconfig; name = "Pods-DicePuzzle.debug.xcconfig"; path = "../Pods/Target Support Files/Pods-DicePuzzle/Pods-DicePuzzle.debug.xcconfig"; sourceTree = "<group>"; };
		70CB1A89917F24C82705B914 /* Pods-DicePuzzleTests.release.xcconfig */ = {isa = PBXFileReference; includeInIndex = 1; lastKnownFileType = text.xcconfig; name = "Pods-DicePuzzleTests.release.xcconfig"; path = "../Pods/Target Support Files/Pods-DicePuzzleTests/Pods-DicePuzzleTests.release.xcconfig"; sourceTree = "<group>"; };
		8031B0F521B03A420016BC73 /* BoardSwapperTests.swift */ = {isa = PBXFileReference; lastKnownFileType = sourcecode.swift; path = BoardSwapperTests.swift; sourceTree = "<group>"; };
		803AFBF021933BAA00E3C2AB /* DiceBoardView.swift */ = {isa = PBXFileReference; lastKnownFileType = sourcecode.swift; path = DiceBoardView.swift; sourceTree = "<group>"; };
		8054BE2E1F5C0A5900A67CB7 /* DicePuzzle.app */ = {isa = PBXFileReference; explicitFileType = wrapper.application; includeInIndex = 0; path = DicePuzzle.app; sourceTree = BUILT_PRODUCTS_DIR; };
		8054BE311F5C0A5900A67CB7 /* AppDelegate.swift */ = {isa = PBXFileReference; lastKnownFileType = sourcecode.swift; path = AppDelegate.swift; sourceTree = "<group>"; };
		8054BE331F5C0A5900A67CB7 /* DiceBoardViewController.swift */ = {isa = PBXFileReference; lastKnownFileType = sourcecode.swift; path = DiceBoardViewController.swift; sourceTree = "<group>"; };
		8054BE361F5C0A5900A67CB7 /* Base */ = {isa = PBXFileReference; lastKnownFileType = file.storyboard; name = Base; path = Base.lproj/Main.storyboard; sourceTree = "<group>"; };
		8054BE381F5C0A5900A67CB7 /* Assets.xcassets */ = {isa = PBXFileReference; lastKnownFileType = folder.assetcatalog; path = Assets.xcassets; sourceTree = "<group>"; };
		8054BE3B1F5C0A5900A67CB7 /* Base */ = {isa = PBXFileReference; lastKnownFileType = file.storyboard; name = Base; path = Base.lproj/LaunchScreen.storyboard; sourceTree = "<group>"; };
		8054BE3D1F5C0A5900A67CB7 /* Info.plist */ = {isa = PBXFileReference; lastKnownFileType = text.plist.xml; path = Info.plist; sourceTree = "<group>"; };
		8054BE421F5C0A5900A67CB7 /* DicePuzzleTests.xctest */ = {isa = PBXFileReference; explicitFileType = wrapper.cfbundle; includeInIndex = 0; path = DicePuzzleTests.xctest; sourceTree = BUILT_PRODUCTS_DIR; };
		8054BE481F5C0A5900A67CB7 /* Info.plist */ = {isa = PBXFileReference; lastKnownFileType = text.plist.xml; path = Info.plist; sourceTree = "<group>"; };
		8054BE4D1F5C0A5900A67CB7 /* DicePuzzleUITests.xctest */ = {isa = PBXFileReference; explicitFileType = wrapper.cfbundle; includeInIndex = 0; path = DicePuzzleUITests.xctest; sourceTree = BUILT_PRODUCTS_DIR; };
		8054BE511F5C0A5900A67CB7 /* DiceBoardUITests.swift */ = {isa = PBXFileReference; lastKnownFileType = sourcecode.swift; path = DiceBoardUITests.swift; sourceTree = "<group>"; };
		8054BE531F5C0A5900A67CB7 /* Info.plist */ = {isa = PBXFileReference; lastKnownFileType = text.plist.xml; path = Info.plist; sourceTree = "<group>"; };
		8090FE87218CC40800420903 /* todo.txt */ = {isa = PBXFileReference; lastKnownFileType = text; path = todo.txt; sourceTree = "<group>"; };
		8090FE89218CC47200420903 /* DiceBoardTests.swift */ = {isa = PBXFileReference; lastKnownFileType = sourcecode.swift; path = DiceBoardTests.swift; sourceTree = "<group>"; };
		8090FE8D218CD02300420903 /* Dice.swift */ = {isa = PBXFileReference; lastKnownFileType = sourcecode.swift; path = Dice.swift; sourceTree = "<group>"; };
		8090FE8F218CD02E00420903 /* DiceTests.swift */ = {isa = PBXFileReference; lastKnownFileType = sourcecode.swift; path = DiceTests.swift; sourceTree = "<group>"; };
		8090FE91218CDD2800420903 /* Diagonal.swift */ = {isa = PBXFileReference; lastKnownFileType = sourcecode.swift; path = Diagonal.swift; sourceTree = "<group>"; };
		8090FE93218CDD5A00420903 /* DiceBoard.swift */ = {isa = PBXFileReference; lastKnownFileType = sourcecode.swift; path = DiceBoard.swift; sourceTree = "<group>"; };
		8090FE95218CE17300420903 /* DiceSwapDirection.swift */ = {isa = PBXFileReference; lastKnownFileType = sourcecode.swift; path = DiceSwapDirection.swift; sourceTree = "<group>"; };
		80A2755121920295003A0C5F /* DiceView.swift */ = {isa = PBXFileReference; lastKnownFileType = sourcecode.swift; path = DiceView.swift; sourceTree = "<group>"; };
		80CDFFD9219F14E700266F21 /* DicePosition.swift */ = {isa = PBXFileReference; lastKnownFileType = sourcecode.swift; path = DicePosition.swift; sourceTree = "<group>"; };
		80CDFFDD21A34BA000266F21 /* DicePositionTests.swift */ = {isa = PBXFileReference; lastKnownFileType = sourcecode.swift; path = DicePositionTests.swift; sourceTree = "<group>"; };
		868EA26801C5170A4D41956C /* Pods_DicePuzzleTests.framework */ = {isa = PBXFileReference; explicitFileType = wrapper.framework; includeInIndex = 0; path = Pods_DicePuzzleTests.framework; sourceTree = BUILT_PRODUCTS_DIR; };
		894CEC8082356A248A416D38 /* Pods-DicePuzzleUITests.debug.xcconfig */ = {isa = PBXFileReference; includeInIndex = 1; lastKnownFileType = text.xcconfig; name = "Pods-DicePuzzleUITests.debug.xcconfig"; path = "../Pods/Target Support Files/Pods-DicePuzzleUITests/Pods-DicePuzzleUITests.debug.xcconfig"; sourceTree = "<group>"; };
		8D6EAAABD272F19CBCC2B2F0 /* Pods_DicePuzzleUITests.framework */ = {isa = PBXFileReference; explicitFileType = wrapper.framework; includeInIndex = 0; path = Pods_DicePuzzleUITests.framework; sourceTree = BUILT_PRODUCTS_DIR; };
		8DE971A8FEC13FEDAE24D741 /* Pods-DicePuzzleTests.debug.xcconfig */ = {isa = PBXFileReference; includeInIndex = 1; lastKnownFileType = text.xcconfig; name = "Pods-DicePuzzleTests.debug.xcconfig"; path = "../Pods/Target Support Files/Pods-DicePuzzleTests/Pods-DicePuzzleTests.debug.xcconfig"; sourceTree = "<group>"; };
		9B3316CCC213A854C1ADC6AE /* Pods_DicePuzzle.framework */ = {isa = PBXFileReference; explicitFileType = wrapper.framework; includeInIndex = 0; path = Pods_DicePuzzle.framework; sourceTree = BUILT_PRODUCTS_DIR; };
		C4FB35F8591BD30695F995A5 /* Pods-DicePuzzle.release.xcconfig */ = {isa = PBXFileReference; includeInIndex = 1; lastKnownFileType = text.xcconfig; name = "Pods-DicePuzzle.release.xcconfig"; path = "../Pods/Target Support Files/Pods-DicePuzzle/Pods-DicePuzzle.release.xcconfig"; sourceTree = "<group>"; };
/* End PBXFileReference section */

/* Begin PBXFrameworksBuildPhase section */
		8054BE2B1F5C0A5900A67CB7 /* Frameworks */ = {
			isa = PBXFrameworksBuildPhase;
			buildActionMask = 2147483647;
			files = (
				CC40F44651A89EEA2D6C1920 /* Pods_DicePuzzle.framework in Frameworks */,
			);
			runOnlyForDeploymentPostprocessing = 0;
		};
		8054BE3F1F5C0A5900A67CB7 /* Frameworks */ = {
			isa = PBXFrameworksBuildPhase;
			buildActionMask = 2147483647;
			files = (
				D0739246AE01FC1C38799B57 /* Pods_DicePuzzleTests.framework in Frameworks */,
			);
			runOnlyForDeploymentPostprocessing = 0;
		};
		8054BE4A1F5C0A5900A67CB7 /* Frameworks */ = {
			isa = PBXFrameworksBuildPhase;
			buildActionMask = 2147483647;
			files = (
				8C29CD3D6056326D5B335F4B /* Pods_DicePuzzleUITests.framework in Frameworks */,
			);
			runOnlyForDeploymentPostprocessing = 0;
		};
/* End PBXFrameworksBuildPhase section */

/* Begin PBXGroup section */
		3D87F596ED56E67F241B000A /* Frameworks */ = {
			isa = PBXGroup;
			children = (
				9B3316CCC213A854C1ADC6AE /* Pods_DicePuzzle.framework */,
				868EA26801C5170A4D41956C /* Pods_DicePuzzleTests.framework */,
				8D6EAAABD272F19CBCC2B2F0 /* Pods_DicePuzzleUITests.framework */,
			);
			name = Frameworks;
			sourceTree = "<group>";
		};
		803AFBEF21933B7800E3C2AB /* UI */ = {
			isa = PBXGroup;
			children = (
				80A2755121920295003A0C5F /* DiceView.swift */,
				803AFBF021933BAA00E3C2AB /* DiceBoardView.swift */,
				8054BE331F5C0A5900A67CB7 /* DiceBoardViewController.swift */,
				8054BE351F5C0A5900A67CB7 /* Main.storyboard */,
			);
			path = UI;
			sourceTree = "<group>";
		};
		8054BE251F5C0A5900A67CB7 = {
			isa = PBXGroup;
			children = (
				8054BE301F5C0A5900A67CB7 /* DicePuzzle */,
				8054BE451F5C0A5900A67CB7 /* DicePuzzleTests */,
				8054BE501F5C0A5900A67CB7 /* DicePuzzleUITests */,
				8054BE2F1F5C0A5900A67CB7 /* Products */,
				A3470F4519EFBD663F617498 /* Pods */,
				3D87F596ED56E67F241B000A /* Frameworks */,
			);
			sourceTree = "<group>";
		};
		8054BE2F1F5C0A5900A67CB7 /* Products */ = {
			isa = PBXGroup;
			children = (
				8054BE2E1F5C0A5900A67CB7 /* DicePuzzle.app */,
				8054BE421F5C0A5900A67CB7 /* DicePuzzleTests.xctest */,
				8054BE4D1F5C0A5900A67CB7 /* DicePuzzleUITests.xctest */,
			);
			name = Products;
			sourceTree = "<group>";
		};
		8054BE301F5C0A5900A67CB7 /* DicePuzzle */ = {
			isa = PBXGroup;
			children = (
				803AFBEF21933B7800E3C2AB /* UI */,
				8090FE8B218CD00E00420903 /* Domain */,
				8054BE311F5C0A5900A67CB7 /* AppDelegate.swift */,
				8054BE381F5C0A5900A67CB7 /* Assets.xcassets */,
				8054BE3A1F5C0A5900A67CB7 /* LaunchScreen.storyboard */,
				8054BE3D1F5C0A5900A67CB7 /* Info.plist */,
				8090FE87218CC40800420903 /* todo.txt */,
			);
			path = DicePuzzle;
			sourceTree = "<group>";
		};
		8054BE451F5C0A5900A67CB7 /* DicePuzzleTests */ = {
			isa = PBXGroup;
			children = (
				8090FE8C218CD01400420903 /* Domain */,
				8054BE481F5C0A5900A67CB7 /* Info.plist */,
			);
			path = DicePuzzleTests;
			sourceTree = "<group>";
		};
		8054BE501F5C0A5900A67CB7 /* DicePuzzleUITests */ = {
			isa = PBXGroup;
			children = (
				8054BE511F5C0A5900A67CB7 /* DiceBoardUITests.swift */,
				8054BE531F5C0A5900A67CB7 /* Info.plist */,
			);
			path = DicePuzzleUITests;
			sourceTree = "<group>";
		};
		8090FE8B218CD00E00420903 /* Domain */ = {
			isa = PBXGroup;
			children = (
				8090FE8D218CD02300420903 /* Dice.swift */,
				8090FE91218CDD2800420903 /* Diagonal.swift */,
				8090FE93218CDD5A00420903 /* DiceBoard.swift */,
				8090FE95218CE17300420903 /* DiceSwapDirection.swift */,
				80CDFFD9219F14E700266F21 /* DicePosition.swift */,
			);
			path = Domain;
			sourceTree = "<group>";
		};
		8090FE8C218CD01400420903 /* Domain */ = {
			isa = PBXGroup;
			children = (
				8090FE8F218CD02E00420903 /* DiceTests.swift */,
				8090FE89218CC47200420903 /* DiceBoardTests.swift */,
				80CDFFDD21A34BA000266F21 /* DicePositionTests.swift */,
				8031B0F521B03A420016BC73 /* BoardSwapperTests.swift */,
			);
			path = Domain;
			sourceTree = "<group>";
		};
		A3470F4519EFBD663F617498 /* Pods */ = {
			isa = PBXGroup;
			children = (
				38887B7CD01C8B2DDF4B3790 /* Pods-DicePuzzle.debug.xcconfig */,
				C4FB35F8591BD30695F995A5 /* Pods-DicePuzzle.release.xcconfig */,
				8DE971A8FEC13FEDAE24D741 /* Pods-DicePuzzleTests.debug.xcconfig */,
				70CB1A89917F24C82705B914 /* Pods-DicePuzzleTests.release.xcconfig */,
				894CEC8082356A248A416D38 /* Pods-DicePuzzleUITests.debug.xcconfig */,
				0EA5865866B49E368E28AFEF /* Pods-DicePuzzleUITests.release.xcconfig */,
			);
			name = Pods;
			sourceTree = "<group>";
		};
/* End PBXGroup section */

/* Begin PBXNativeTarget section */
		8054BE2D1F5C0A5900A67CB7 /* DicePuzzle */ = {
			isa = PBXNativeTarget;
			buildConfigurationList = 8054BE561F5C0A5900A67CB7 /* Build configuration list for PBXNativeTarget "DicePuzzle" */;
			buildPhases = (
				8031B0F021A9B0460016BC73 /* SwiftLint */,
				1CFBD94EAA0CABB517620778 /* [CP] Check Pods Manifest.lock */,
				8054BE2A1F5C0A5900A67CB7 /* Sources */,
				8054BE2B1F5C0A5900A67CB7 /* Frameworks */,
				8054BE2C1F5C0A5900A67CB7 /* Resources */,
				98A9E413DFF883D18BD1AEB4 /* [CP] Embed Pods Frameworks */,
				3AEB8FDCD12001BA9B54EC5F /* [CP] Copy Pods Resources */,
			);
			buildRules = (
			);
			dependencies = (
			);
			name = DicePuzzle;
			productName = DicePuzzle;
			productReference = 8054BE2E1F5C0A5900A67CB7 /* DicePuzzle.app */;
			productType = "com.apple.product-type.application";
		};
		8054BE411F5C0A5900A67CB7 /* DicePuzzleTests */ = {
			isa = PBXNativeTarget;
			buildConfigurationList = 8054BE591F5C0A5900A67CB7 /* Build configuration list for PBXNativeTarget "DicePuzzleTests" */;
			buildPhases = (
				EA07D94C2ED6D4C0674293C8 /* [CP] Check Pods Manifest.lock */,
				8054BE3E1F5C0A5900A67CB7 /* Sources */,
				8054BE3F1F5C0A5900A67CB7 /* Frameworks */,
				8054BE401F5C0A5900A67CB7 /* Resources */,
				548F655830AAB4695C7EF07E /* [CP] Embed Pods Frameworks */,
				B90B0AFEFE43470D57595A2F /* [CP] Copy Pods Resources */,
			);
			buildRules = (
			);
			dependencies = (
				8054BE441F5C0A5900A67CB7 /* PBXTargetDependency */,
			);
			name = DicePuzzleTests;
			productName = DicePuzzleTests;
			productReference = 8054BE421F5C0A5900A67CB7 /* DicePuzzleTests.xctest */;
			productType = "com.apple.product-type.bundle.unit-test";
		};
		8054BE4C1F5C0A5900A67CB7 /* DicePuzzleUITests */ = {
			isa = PBXNativeTarget;
			buildConfigurationList = 8054BE5C1F5C0A5900A67CB7 /* Build configuration list for PBXNativeTarget "DicePuzzleUITests" */;
			buildPhases = (
				639A9F5801D783EDB69C5C4D /* [CP] Check Pods Manifest.lock */,
				8054BE491F5C0A5900A67CB7 /* Sources */,
				8054BE4A1F5C0A5900A67CB7 /* Frameworks */,
				8054BE4B1F5C0A5900A67CB7 /* Resources */,
				8BFFB770C8D830D5D60ED9CE /* [CP] Embed Pods Frameworks */,
				FD18516BCAFEB6DB13BE3899 /* [CP] Copy Pods Resources */,
			);
			buildRules = (
			);
			dependencies = (
				8054BE4F1F5C0A5900A67CB7 /* PBXTargetDependency */,
			);
			name = DicePuzzleUITests;
			productName = DicePuzzleUITests;
			productReference = 8054BE4D1F5C0A5900A67CB7 /* DicePuzzleUITests.xctest */;
			productType = "com.apple.product-type.bundle.ui-testing";
		};
/* End PBXNativeTarget section */

/* Begin PBXProject section */
		8054BE261F5C0A5900A67CB7 /* Project object */ = {
			isa = PBXProject;
			attributes = {
				LastSwiftUpdateCheck = 0830;
				LastUpgradeCheck = 1010;
				ORGANIZATIONNAME = "Marek Niedbach";
				TargetAttributes = {
					8054BE2D1F5C0A5900A67CB7 = {
						CreatedOnToolsVersion = 8.3.3;
						LastSwiftMigration = 1010;
						ProvisioningStyle = Manual;
					};
					8054BE411F5C0A5900A67CB7 = {
						CreatedOnToolsVersion = 8.3.3;
						LastSwiftMigration = 1010;
						ProvisioningStyle = Manual;
						TestTargetID = 8054BE2D1F5C0A5900A67CB7;
					};
					8054BE4C1F5C0A5900A67CB7 = {
						CreatedOnToolsVersion = 8.3.3;
						LastSwiftMigration = 1010;
						ProvisioningStyle = Manual;
						TestTargetID = 8054BE2D1F5C0A5900A67CB7;
					};
				};
			};
			buildConfigurationList = 8054BE291F5C0A5900A67CB7 /* Build configuration list for PBXProject "DicePuzzle" */;
			compatibilityVersion = "Xcode 3.2";
			developmentRegion = English;
			hasScannedForEncodings = 0;
			knownRegions = (
				en,
				Base,
			);
			mainGroup = 8054BE251F5C0A5900A67CB7;
			productRefGroup = 8054BE2F1F5C0A5900A67CB7 /* Products */;
			projectDirPath = "";
			projectRoot = "";
			targets = (
				8054BE2D1F5C0A5900A67CB7 /* DicePuzzle */,
				8054BE411F5C0A5900A67CB7 /* DicePuzzleTests */,
				8054BE4C1F5C0A5900A67CB7 /* DicePuzzleUITests */,
			);
		};
/* End PBXProject section */

/* Begin PBXResourcesBuildPhase section */
		8054BE2C1F5C0A5900A67CB7 /* Resources */ = {
			isa = PBXResourcesBuildPhase;
			buildActionMask = 2147483647;
			files = (
				8090FE88218CC40800420903 /* todo.txt in Resources */,
				8054BE3C1F5C0A5900A67CB7 /* LaunchScreen.storyboard in Resources */,
				8054BE391F5C0A5900A67CB7 /* Assets.xcassets in Resources */,
				8054BE371F5C0A5900A67CB7 /* Main.storyboard in Resources */,
			);
			runOnlyForDeploymentPostprocessing = 0;
		};
		8054BE401F5C0A5900A67CB7 /* Resources */ = {
			isa = PBXResourcesBuildPhase;
			buildActionMask = 2147483647;
			files = (
			);
			runOnlyForDeploymentPostprocessing = 0;
		};
		8054BE4B1F5C0A5900A67CB7 /* Resources */ = {
			isa = PBXResourcesBuildPhase;
			buildActionMask = 2147483647;
			files = (
			);
			runOnlyForDeploymentPostprocessing = 0;
		};
/* End PBXResourcesBuildPhase section */

/* Begin PBXShellScriptBuildPhase section */
		1CFBD94EAA0CABB517620778 /* [CP] Check Pods Manifest.lock */ = {
			isa = PBXShellScriptBuildPhase;
			buildActionMask = 2147483647;
			files = (
			);
			inputPaths = (
				"${PODS_PODFILE_DIR_PATH}/Podfile.lock",
				"${PODS_ROOT}/Manifest.lock",
			);
			name = "[CP] Check Pods Manifest.lock";
			outputPaths = (
				"$(DERIVED_FILE_DIR)/Pods-DicePuzzle-checkManifestLockResult.txt",
			);
			runOnlyForDeploymentPostprocessing = 0;
			shellPath = /bin/sh;
			shellScript = "diff \"${PODS_PODFILE_DIR_PATH}/Podfile.lock\" \"${PODS_ROOT}/Manifest.lock\" > /dev/null\nif [ $? != 0 ] ; then\n    # print error to STDERR\n    echo \"error: The sandbox is not in sync with the Podfile.lock. Run 'pod install' or update your CocoaPods installation.\" >&2\n    exit 1\nfi\n# This output is used by Xcode 'outputs' to avoid re-running this script phase.\necho \"SUCCESS\" > \"${SCRIPT_OUTPUT_FILE_0}\"\n";
			showEnvVarsInLog = 0;
		};
		3AEB8FDCD12001BA9B54EC5F /* [CP] Copy Pods Resources */ = {
			isa = PBXShellScriptBuildPhase;
			buildActionMask = 2147483647;
			files = (
			);
			inputPaths = (
			);
			name = "[CP] Copy Pods Resources";
			outputPaths = (
			);
			runOnlyForDeploymentPostprocessing = 0;
			shellPath = /bin/sh;
			shellScript = "\"${SRCROOT}/../Pods/Target Support Files/Pods-DicePuzzle/Pods-DicePuzzle-resources.sh\"\n";
			showEnvVarsInLog = 0;
		};
		548F655830AAB4695C7EF07E /* [CP] Embed Pods Frameworks */ = {
			isa = PBXShellScriptBuildPhase;
			buildActionMask = 2147483647;
			files = (
			);
			inputPaths = (
			);
			name = "[CP] Embed Pods Frameworks";
			outputPaths = (
			);
			runOnlyForDeploymentPostprocessing = 0;
			shellPath = /bin/sh;
			shellScript = "\"${SRCROOT}/../Pods/Target Support Files/Pods-DicePuzzleTests/Pods-DicePuzzleTests-frameworks.sh\"\n";
			showEnvVarsInLog = 0;
		};
		639A9F5801D783EDB69C5C4D /* [CP] Check Pods Manifest.lock */ = {
			isa = PBXShellScriptBuildPhase;
			buildActionMask = 2147483647;
			files = (
			);
			inputPaths = (
				"${PODS_PODFILE_DIR_PATH}/Podfile.lock",
				"${PODS_ROOT}/Manifest.lock",
			);
			name = "[CP] Check Pods Manifest.lock";
			outputPaths = (
				"$(DERIVED_FILE_DIR)/Pods-DicePuzzleUITests-checkManifestLockResult.txt",
			);
			runOnlyForDeploymentPostprocessing = 0;
			shellPath = /bin/sh;
			shellScript = "diff \"${PODS_PODFILE_DIR_PATH}/Podfile.lock\" \"${PODS_ROOT}/Manifest.lock\" > /dev/null\nif [ $? != 0 ] ; then\n    # print error to STDERR\n    echo \"error: The sandbox is not in sync with the Podfile.lock. Run 'pod install' or update your CocoaPods installation.\" >&2\n    exit 1\nfi\n# This output is used by Xcode 'outputs' to avoid re-running this script phase.\necho \"SUCCESS\" > \"${SCRIPT_OUTPUT_FILE_0}\"\n";
			showEnvVarsInLog = 0;
		};
		8031B0F021A9B0460016BC73 /* SwiftLint */ = {
			isa = PBXShellScriptBuildPhase;
			buildActionMask = 2147483647;
			files = (
			);
			inputFileListPaths = (
			);
			inputPaths = (
			);
			name = SwiftLint;
			outputFileListPaths = (
			);
			outputPaths = (
			);
			runOnlyForDeploymentPostprocessing = 0;
			shellPath = /bin/sh;
			shellScript = "if which swiftlint >/dev/null; then\n    swiftlint\nelse\n    echo \"warning: SwiftLint not installed, download from https://github.com/realm/SwiftLint\"\nfi\n";
		};
		8BFFB770C8D830D5D60ED9CE /* [CP] Embed Pods Frameworks */ = {
			isa = PBXShellScriptBuildPhase;
			buildActionMask = 2147483647;
			files = (
			);
			inputPaths = (
			);
			name = "[CP] Embed Pods Frameworks";
			outputPaths = (
			);
			runOnlyForDeploymentPostprocessing = 0;
			shellPath = /bin/sh;
			shellScript = "\"${SRCROOT}/../Pods/Target Support Files/Pods-DicePuzzleUITests/Pods-DicePuzzleUITests-frameworks.sh\"\n";
			showEnvVarsInLog = 0;
		};
		98A9E413DFF883D18BD1AEB4 /* [CP] Embed Pods Frameworks */ = {
			isa = PBXShellScriptBuildPhase;
			buildActionMask = 2147483647;
			files = (
			);
			inputPaths = (
			);
			name = "[CP] Embed Pods Frameworks";
			outputPaths = (
			);
			runOnlyForDeploymentPostprocessing = 0;
			shellPath = /bin/sh;
			shellScript = "\"${SRCROOT}/../Pods/Target Support Files/Pods-DicePuzzle/Pods-DicePuzzle-frameworks.sh\"\n";
			showEnvVarsInLog = 0;
		};
		B90B0AFEFE43470D57595A2F /* [CP] Copy Pods Resources */ = {
			isa = PBXShellScriptBuildPhase;
			buildActionMask = 2147483647;
			files = (
			);
			inputPaths = (
			);
			name = "[CP] Copy Pods Resources";
			outputPaths = (
			);
			runOnlyForDeploymentPostprocessing = 0;
			shellPath = /bin/sh;
			shellScript = "\"${SRCROOT}/../Pods/Target Support Files/Pods-DicePuzzleTests/Pods-DicePuzzleTests-resources.sh\"\n";
			showEnvVarsInLog = 0;
		};
		EA07D94C2ED6D4C0674293C8 /* [CP] Check Pods Manifest.lock */ = {
			isa = PBXShellScriptBuildPhase;
			buildActionMask = 2147483647;
			files = (
			);
			inputPaths = (
				"${PODS_PODFILE_DIR_PATH}/Podfile.lock",
				"${PODS_ROOT}/Manifest.lock",
			);
			name = "[CP] Check Pods Manifest.lock";
			outputPaths = (
				"$(DERIVED_FILE_DIR)/Pods-DicePuzzleTests-checkManifestLockResult.txt",
			);
			runOnlyForDeploymentPostprocessing = 0;
			shellPath = /bin/sh;
			shellScript = "diff \"${PODS_PODFILE_DIR_PATH}/Podfile.lock\" \"${PODS_ROOT}/Manifest.lock\" > /dev/null\nif [ $? != 0 ] ; then\n    # print error to STDERR\n    echo \"error: The sandbox is not in sync with the Podfile.lock. Run 'pod install' or update your CocoaPods installation.\" >&2\n    exit 1\nfi\n# This output is used by Xcode 'outputs' to avoid re-running this script phase.\necho \"SUCCESS\" > \"${SCRIPT_OUTPUT_FILE_0}\"\n";
			showEnvVarsInLog = 0;
		};
		FD18516BCAFEB6DB13BE3899 /* [CP] Copy Pods Resources */ = {
			isa = PBXShellScriptBuildPhase;
			buildActionMask = 2147483647;
			files = (
			);
			inputPaths = (
			);
			name = "[CP] Copy Pods Resources";
			outputPaths = (
			);
			runOnlyForDeploymentPostprocessing = 0;
			shellPath = /bin/sh;
			shellScript = "\"${SRCROOT}/../Pods/Target Support Files/Pods-DicePuzzleUITests/Pods-DicePuzzleUITests-resources.sh\"\n";
			showEnvVarsInLog = 0;
		};
/* End PBXShellScriptBuildPhase section */

/* Begin PBXSourcesBuildPhase section */
		8054BE2A1F5C0A5900A67CB7 /* Sources */ = {
			isa = PBXSourcesBuildPhase;
			buildActionMask = 2147483647;
			files = (
				8090FE92218CDD2800420903 /* Diagonal.swift in Sources */,
				8090FE94218CDD5A00420903 /* DiceBoard.swift in Sources */,
				8054BE341F5C0A5900A67CB7 /* DiceBoardViewController.swift in Sources */,
				8090FE8E218CD02300420903 /* Dice.swift in Sources */,
				80CDFFDA219F14E700266F21 /* DicePosition.swift in Sources */,
				8054BE321F5C0A5900A67CB7 /* AppDelegate.swift in Sources */,
				80A2755221920295003A0C5F /* DiceView.swift in Sources */,
				803AFBF121933BAA00E3C2AB /* DiceBoardView.swift in Sources */,
				8090FE96218CE17300420903 /* DiceSwapDirection.swift in Sources */,
			);
			runOnlyForDeploymentPostprocessing = 0;
		};
		8054BE3E1F5C0A5900A67CB7 /* Sources */ = {
			isa = PBXSourcesBuildPhase;
			buildActionMask = 2147483647;
			files = (
				80CDFFDE21A34BA000266F21 /* DicePositionTests.swift in Sources */,
				8090FE90218CD02E00420903 /* DiceTests.swift in Sources */,
				8090FE8A218CC47200420903 /* DiceBoardTests.swift in Sources */,
				8031B0F621B03A420016BC73 /* BoardSwapperTests.swift in Sources */,
			);
			runOnlyForDeploymentPostprocessing = 0;
		};
		8054BE491F5C0A5900A67CB7 /* Sources */ = {
			isa = PBXSourcesBuildPhase;
			buildActionMask = 2147483647;
			files = (
				8054BE521F5C0A5900A67CB7 /* DiceBoardUITests.swift in Sources */,
			);
			runOnlyForDeploymentPostprocessing = 0;
		};
/* End PBXSourcesBuildPhase section */

/* Begin PBXTargetDependency section */
		8054BE441F5C0A5900A67CB7 /* PBXTargetDependency */ = {
			isa = PBXTargetDependency;
			target = 8054BE2D1F5C0A5900A67CB7 /* DicePuzzle */;
			targetProxy = 8054BE431F5C0A5900A67CB7 /* PBXContainerItemProxy */;
		};
		8054BE4F1F5C0A5900A67CB7 /* PBXTargetDependency */ = {
			isa = PBXTargetDependency;
			target = 8054BE2D1F5C0A5900A67CB7 /* DicePuzzle */;
			targetProxy = 8054BE4E1F5C0A5900A67CB7 /* PBXContainerItemProxy */;
		};
/* End PBXTargetDependency section */

/* Begin PBXVariantGroup section */
		8054BE351F5C0A5900A67CB7 /* Main.storyboard */ = {
			isa = PBXVariantGroup;
			children = (
				8054BE361F5C0A5900A67CB7 /* Base */,
			);
			name = Main.storyboard;
			sourceTree = "<group>";
		};
		8054BE3A1F5C0A5900A67CB7 /* LaunchScreen.storyboard */ = {
			isa = PBXVariantGroup;
			children = (
				8054BE3B1F5C0A5900A67CB7 /* Base */,
			);
			name = LaunchScreen.storyboard;
			sourceTree = "<group>";
		};
/* End PBXVariantGroup section */

/* Begin XCBuildConfiguration section */
		8054BE541F5C0A5900A67CB7 /* Debug */ = {
			isa = XCBuildConfiguration;
			buildSettings = {
				ALWAYS_SEARCH_USER_PATHS = NO;
				CLANG_ANALYZER_NONNULL = YES;
				CLANG_ANALYZER_NUMBER_OBJECT_CONVERSION = YES_AGGRESSIVE;
				CLANG_CXX_LANGUAGE_STANDARD = "gnu++0x";
				CLANG_CXX_LIBRARY = "libc++";
				CLANG_ENABLE_MODULES = YES;
				CLANG_ENABLE_OBJC_ARC = YES;
				CLANG_WARN_BLOCK_CAPTURE_AUTORELEASING = YES;
				CLANG_WARN_BOOL_CONVERSION = YES;
				CLANG_WARN_COMMA = YES;
				CLANG_WARN_CONSTANT_CONVERSION = YES;
				CLANG_WARN_DEPRECATED_OBJC_IMPLEMENTATIONS = YES;
				CLANG_WARN_DIRECT_OBJC_ISA_USAGE = YES_ERROR;
				CLANG_WARN_DOCUMENTATION_COMMENTS = YES;
				CLANG_WARN_EMPTY_BODY = YES;
				CLANG_WARN_ENUM_CONVERSION = YES;
				CLANG_WARN_INFINITE_RECURSION = YES;
				CLANG_WARN_INT_CONVERSION = YES;
				CLANG_WARN_NON_LITERAL_NULL_CONVERSION = YES;
				CLANG_WARN_OBJC_IMPLICIT_RETAIN_SELF = YES;
				CLANG_WARN_OBJC_LITERAL_CONVERSION = YES;
				CLANG_WARN_OBJC_ROOT_CLASS = YES_ERROR;
				CLANG_WARN_RANGE_LOOP_ANALYSIS = YES;
				CLANG_WARN_STRICT_PROTOTYPES = YES;
				CLANG_WARN_SUSPICIOUS_MOVE = YES;
				CLANG_WARN_UNREACHABLE_CODE = YES;
				CLANG_WARN__DUPLICATE_METHOD_MATCH = YES;
				"CODE_SIGN_IDENTITY[sdk=iphoneos*]" = "iPhone Developer";
				COPY_PHASE_STRIP = NO;
				DEBUG_INFORMATION_FORMAT = dwarf;
				ENABLE_STRICT_OBJC_MSGSEND = YES;
				ENABLE_TESTABILITY = YES;
				GCC_C_LANGUAGE_STANDARD = gnu99;
				GCC_DYNAMIC_NO_PIC = NO;
				GCC_NO_COMMON_BLOCKS = YES;
				GCC_OPTIMIZATION_LEVEL = 0;
				GCC_PREPROCESSOR_DEFINITIONS = (
					"DEBUG=1",
					"$(inherited)",
				);
				GCC_WARN_64_TO_32_BIT_CONVERSION = YES;
				GCC_WARN_ABOUT_RETURN_TYPE = YES_ERROR;
				GCC_WARN_UNDECLARED_SELECTOR = YES;
				GCC_WARN_UNINITIALIZED_AUTOS = YES_AGGRESSIVE;
				GCC_WARN_UNUSED_FUNCTION = YES;
				GCC_WARN_UNUSED_VARIABLE = YES;
				IPHONEOS_DEPLOYMENT_TARGET = 10.3;
				MTL_ENABLE_DEBUG_INFO = YES;
				ONLY_ACTIVE_ARCH = YES;
				SDKROOT = iphoneos;
				SWIFT_ACTIVE_COMPILATION_CONDITIONS = DEBUG;
				SWIFT_OPTIMIZATION_LEVEL = "-Onone";
				TARGETED_DEVICE_FAMILY = "1,2";
			};
			name = Debug;
		};
		8054BE551F5C0A5900A67CB7 /* Release */ = {
			isa = XCBuildConfiguration;
			buildSettings = {
				ALWAYS_SEARCH_USER_PATHS = NO;
				CLANG_ANALYZER_NONNULL = YES;
				CLANG_ANALYZER_NUMBER_OBJECT_CONVERSION = YES_AGGRESSIVE;
				CLANG_CXX_LANGUAGE_STANDARD = "gnu++0x";
				CLANG_CXX_LIBRARY = "libc++";
				CLANG_ENABLE_MODULES = YES;
				CLANG_ENABLE_OBJC_ARC = YES;
				CLANG_WARN_BLOCK_CAPTURE_AUTORELEASING = YES;
				CLANG_WARN_BOOL_CONVERSION = YES;
				CLANG_WARN_COMMA = YES;
				CLANG_WARN_CONSTANT_CONVERSION = YES;
				CLANG_WARN_DEPRECATED_OBJC_IMPLEMENTATIONS = YES;
				CLANG_WARN_DIRECT_OBJC_ISA_USAGE = YES_ERROR;
				CLANG_WARN_DOCUMENTATION_COMMENTS = YES;
				CLANG_WARN_EMPTY_BODY = YES;
				CLANG_WARN_ENUM_CONVERSION = YES;
				CLANG_WARN_INFINITE_RECURSION = YES;
				CLANG_WARN_INT_CONVERSION = YES;
				CLANG_WARN_NON_LITERAL_NULL_CONVERSION = YES;
				CLANG_WARN_OBJC_IMPLICIT_RETAIN_SELF = YES;
				CLANG_WARN_OBJC_LITERAL_CONVERSION = YES;
				CLANG_WARN_OBJC_ROOT_CLASS = YES_ERROR;
				CLANG_WARN_RANGE_LOOP_ANALYSIS = YES;
				CLANG_WARN_STRICT_PROTOTYPES = YES;
				CLANG_WARN_SUSPICIOUS_MOVE = YES;
				CLANG_WARN_UNREACHABLE_CODE = YES;
				CLANG_WARN__DUPLICATE_METHOD_MATCH = YES;
				"CODE_SIGN_IDENTITY[sdk=iphoneos*]" = "iPhone Developer";
				COPY_PHASE_STRIP = NO;
				DEBUG_INFORMATION_FORMAT = "dwarf-with-dsym";
				ENABLE_NS_ASSERTIONS = NO;
				ENABLE_STRICT_OBJC_MSGSEND = YES;
				GCC_C_LANGUAGE_STANDARD = gnu99;
				GCC_NO_COMMON_BLOCKS = YES;
				GCC_WARN_64_TO_32_BIT_CONVERSION = YES;
				GCC_WARN_ABOUT_RETURN_TYPE = YES_ERROR;
				GCC_WARN_UNDECLARED_SELECTOR = YES;
				GCC_WARN_UNINITIALIZED_AUTOS = YES_AGGRESSIVE;
				GCC_WARN_UNUSED_FUNCTION = YES;
				GCC_WARN_UNUSED_VARIABLE = YES;
				IPHONEOS_DEPLOYMENT_TARGET = 10.3;
				MTL_ENABLE_DEBUG_INFO = NO;
				SDKROOT = iphoneos;
				SWIFT_OPTIMIZATION_LEVEL = "-Owholemodule";
				TARGETED_DEVICE_FAMILY = "1,2";
				VALIDATE_PRODUCT = YES;
			};
			name = Release;
		};
		8054BE571F5C0A5900A67CB7 /* Debug */ = {
			isa = XCBuildConfiguration;
			baseConfigurationReference = 38887B7CD01C8B2DDF4B3790 /* Pods-DicePuzzle.debug.xcconfig */;
			buildSettings = {
				ASSETCATALOG_COMPILER_APPICON_NAME = AppIcon;
				DEVELOPMENT_TEAM = "";
				INFOPLIST_FILE = DicePuzzle/Info.plist;
				LD_RUNPATH_SEARCH_PATHS = "$(inherited) @executable_path/Frameworks";
				PRODUCT_BUNDLE_IDENTIFIER = pl.mniedbach.DicePuzzle;
				PRODUCT_NAME = "$(TARGET_NAME)";
				PROVISIONING_PROFILE_SPECIFIER = "";
				SWIFT_VERSION = 4.2;
			};
			name = Debug;
		};
		8054BE581F5C0A5900A67CB7 /* Release */ = {
			isa = XCBuildConfiguration;
			baseConfigurationReference = C4FB35F8591BD30695F995A5 /* Pods-DicePuzzle.release.xcconfig */;
			buildSettings = {
				ASSETCATALOG_COMPILER_APPICON_NAME = AppIcon;
				DEVELOPMENT_TEAM = "";
				INFOPLIST_FILE = DicePuzzle/Info.plist;
				LD_RUNPATH_SEARCH_PATHS = "$(inherited) @executable_path/Frameworks";
				PRODUCT_BUNDLE_IDENTIFIER = pl.mniedbach.DicePuzzle;
				PRODUCT_NAME = "$(TARGET_NAME)";
				PROVISIONING_PROFILE_SPECIFIER = "";
				SWIFT_VERSION = 4.2;
			};
			name = Release;
		};
		8054BE5A1F5C0A5900A67CB7 /* Debug */ = {
			isa = XCBuildConfiguration;
			baseConfigurationReference = 8DE971A8FEC13FEDAE24D741 /* Pods-DicePuzzleTests.debug.xcconfig */;
			buildSettings = {
				ALWAYS_EMBED_SWIFT_STANDARD_LIBRARIES = YES;
				BUNDLE_LOADER = "$(TEST_HOST)";
				CLANG_ENABLE_MODULES = YES;
				DEVELOPMENT_TEAM = "";
				INFOPLIST_FILE = DicePuzzleTests/Info.plist;
				LD_RUNPATH_SEARCH_PATHS = "$(inherited) @executable_path/Frameworks @loader_path/Frameworks";
				PRODUCT_BUNDLE_IDENTIFIER = pl.mniedbach.DicePuzzleTests;
				PRODUCT_NAME = "$(TARGET_NAME)";
				PROVISIONING_PROFILE_SPECIFIER = "";
				SWIFT_OPTIMIZATION_LEVEL = "-Onone";
				SWIFT_VERSION = 4.2;
				TEST_HOST = "$(BUILT_PRODUCTS_DIR)/DicePuzzle.app/DicePuzzle";
			};
			name = Debug;
		};
		8054BE5B1F5C0A5900A67CB7 /* Release */ = {
			isa = XCBuildConfiguration;
			baseConfigurationReference = 70CB1A89917F24C82705B914 /* Pods-DicePuzzleTests.release.xcconfig */;
			buildSettings = {
				ALWAYS_EMBED_SWIFT_STANDARD_LIBRARIES = YES;
				BUNDLE_LOADER = "$(TEST_HOST)";
				CLANG_ENABLE_MODULES = YES;
				DEVELOPMENT_TEAM = "";
				INFOPLIST_FILE = DicePuzzleTests/Info.plist;
				LD_RUNPATH_SEARCH_PATHS = "$(inherited) @executable_path/Frameworks @loader_path/Frameworks";
				PRODUCT_BUNDLE_IDENTIFIER = pl.mniedbach.DicePuzzleTests;
				PRODUCT_NAME = "$(TARGET_NAME)";
				PROVISIONING_PROFILE_SPECIFIER = "";
				SWIFT_VERSION = 4.2;
				TEST_HOST = "$(BUILT_PRODUCTS_DIR)/DicePuzzle.app/DicePuzzle";
			};
			name = Release;
		};
		8054BE5D1F5C0A5900A67CB7 /* Debug */ = {
			isa = XCBuildConfiguration;
			baseConfigurationReference = 894CEC8082356A248A416D38 /* Pods-DicePuzzleUITests.debug.xcconfig */;
			buildSettings = {
				ALWAYS_EMBED_SWIFT_STANDARD_LIBRARIES = YES;
				DEVELOPMENT_TEAM = "";
				INFOPLIST_FILE = DicePuzzleUITests/Info.plist;
				LD_RUNPATH_SEARCH_PATHS = "$(inherited) @executable_path/Frameworks @loader_path/Frameworks";
				PRODUCT_BUNDLE_IDENTIFIER = pl.mniedbach.DicePuzzleUITests;
				PRODUCT_NAME = "$(TARGET_NAME)";
				PROVISIONING_PROFILE_SPECIFIER = "";
				SWIFT_VERSION = 4.2;
				TEST_TARGET_NAME = DicePuzzle;
			};
			name = Debug;
		};
		8054BE5E1F5C0A5900A67CB7 /* Release */ = {
			isa = XCBuildConfiguration;
			baseConfigurationReference = 0EA5865866B49E368E28AFEF /* Pods-DicePuzzleUITests.release.xcconfig */;
			buildSettings = {
				ALWAYS_EMBED_SWIFT_STANDARD_LIBRARIES = YES;
				DEVELOPMENT_TEAM = "";
				INFOPLIST_FILE = DicePuzzleUITests/Info.plist;
				LD_RUNPATH_SEARCH_PATHS = "$(inherited) @executable_path/Frameworks @loader_path/Frameworks";
				PRODUCT_BUNDLE_IDENTIFIER = pl.mniedbach.DicePuzzleUITests;
				PRODUCT_NAME = "$(TARGET_NAME)";
				PROVISIONING_PROFILE_SPECIFIER = "";
				SWIFT_VERSION = 4.2;
				TEST_TARGET_NAME = DicePuzzle;
			};
			name = Release;
		};
/* End XCBuildConfiguration section */

/* Begin XCConfigurationList section */
		8054BE291F5C0A5900A67CB7 /* Build configuration list for PBXProject "DicePuzzle" */ = {
			isa = XCConfigurationList;
			buildConfigurations = (
				8054BE541F5C0A5900A67CB7 /* Debug */,
				8054BE551F5C0A5900A67CB7 /* Release */,
			);
			defaultConfigurationIsVisible = 0;
			defaultConfigurationName = Release;
		};
		8054BE561F5C0A5900A67CB7 /* Build configuration list for PBXNativeTarget "DicePuzzle" */ = {
			isa = XCConfigurationList;
			buildConfigurations = (
				8054BE571F5C0A5900A67CB7 /* Debug */,
				8054BE581F5C0A5900A67CB7 /* Release */,
			);
			defaultConfigurationIsVisible = 0;
			defaultConfigurationName = Release;
		};
		8054BE591F5C0A5900A67CB7 /* Build configuration list for PBXNativeTarget "DicePuzzleTests" */ = {
			isa = XCConfigurationList;
			buildConfigurations = (
				8054BE5A1F5C0A5900A67CB7 /* Debug */,
				8054BE5B1F5C0A5900A67CB7 /* Release */,
			);
			defaultConfigurationIsVisible = 0;
			defaultConfigurationName = Release;
		};
		8054BE5C1F5C0A5900A67CB7 /* Build configuration list for PBXNativeTarget "DicePuzzleUITests" */ = {
			isa = XCConfigurationList;
			buildConfigurations = (
				8054BE5D1F5C0A5900A67CB7 /* Debug */,
				8054BE5E1F5C0A5900A67CB7 /* Release */,
			);
			defaultConfigurationIsVisible = 0;
			defaultConfigurationName = Release;
		};
/* End XCConfigurationList section */
	};
	rootObject = 8054BE261F5C0A5900A67CB7 /* Project object */;
}
